// !$*UTF8*$!
{
	archiveVersion = 1;
	classes = {
	};
	objectVersion = 50;
	objects = {

/* Begin PBXBuildFile section */
		9DDC2D73224EA59F00B29AAC /* AppDelegate.swift in Sources */ = {isa = PBXBuildFile; fileRef = 9DDC2D72224EA59F00B29AAC /* AppDelegate.swift */; };
		9DDC2D75224EA59F00B29AAC /* ViewController.swift in Sources */ = {isa = PBXBuildFile; fileRef = 9DDC2D74224EA59F00B29AAC /* ViewController.swift */; };
		9DDC2D78224EA59F00B29AAC /* Main.storyboard in Resources */ = {isa = PBXBuildFile; fileRef = 9DDC2D76224EA59F00B29AAC /* Main.storyboard */; };
		9DDC2D7B224EA59F00B29AAC /* Indian_Cricket_Team.xcdatamodeld in Sources */ = {isa = PBXBuildFile; fileRef = 9DDC2D79224EA59F00B29AAC /* Indian_Cricket_Team.xcdatamodeld */; };
		9DDC2D7D224EA5B000B29AAC /* Assets.xcassets in Resources */ = {isa = PBXBuildFile; fileRef = 9DDC2D7C224EA5B000B29AAC /* Assets.xcassets */; };
		9DDC2D80224EA5B000B29AAC /* LaunchScreen.storyboard in Resources */ = {isa = PBXBuildFile; fileRef = 9DDC2D7E224EA5B000B29AAC /* LaunchScreen.storyboard */; };
		9DDC2D8B224EA5B400B29AAC /* Indian_Cricket_TeamTests.swift in Sources */ = {isa = PBXBuildFile; fileRef = 9DDC2D8A224EA5B400B29AAC /* Indian_Cricket_TeamTests.swift */; };
		9DDC2D96224EA5B800B29AAC /* Indian_Cricket_TeamUITests.swift in Sources */ = {isa = PBXBuildFile; fileRef = 9DDC2D95224EA5B800B29AAC /* Indian_Cricket_TeamUITests.swift */; };
/* End PBXBuildFile section */

/* Begin PBXContainerItemProxy section */
		9DDC2D87224EA5B100B29AAC /* PBXContainerItemProxy */ = {
			isa = PBXContainerItemProxy;
			containerPortal = 9DDC2D67224EA59E00B29AAC /* Project object */;
			proxyType = 1;
			remoteGlobalIDString = 9DDC2D6E224EA59E00B29AAC;
			remoteInfo = "Indian Cricket Team";
		};
		9DDC2D92224EA5B700B29AAC /* PBXContainerItemProxy */ = {
			isa = PBXContainerItemProxy;
			containerPortal = 9DDC2D67224EA59E00B29AAC /* Project object */;
			proxyType = 1;
			remoteGlobalIDString = 9DDC2D6E224EA59E00B29AAC;
			remoteInfo = "Indian Cricket Team";
		};
/* End PBXContainerItemProxy section */

/* Begin PBXFileReference section */
		9DDC2D6F224EA59F00B29AAC /* Indian Cricket Team.app */ = {isa = PBXFileReference; explicitFileType = wrapper.application; includeInIndex = 0; path = "Indian Cricket Team.app"; sourceTree = BUILT_PRODUCTS_DIR; };
		9DDC2D72224EA59F00B29AAC /* AppDelegate.swift */ = {isa = PBXFileReference; lastKnownFileType = sourcecode.swift; path = AppDelegate.swift; sourceTree = "<group>"; };
		9DDC2D74224EA59F00B29AAC /* ViewController.swift */ = {isa = PBXFileReference; lastKnownFileType = sourcecode.swift; path = ViewController.swift; sourceTree = "<group>"; };
		9DDC2D77224EA59F00B29AAC /* Base */ = {isa = PBXFileReference; lastKnownFileType = file.storyboard; name = Base; path = Base.lproj/Main.storyboard; sourceTree = "<group>"; };
		9DDC2D7A224EA59F00B29AAC /* Indian_Cricket_Team.xcdatamodel */ = {isa = PBXFileReference; lastKnownFileType = wrapper.xcdatamodel; path = Indian_Cricket_Team.xcdatamodel; sourceTree = "<group>"; };
		9DDC2D7C224EA5B000B29AAC /* Assets.xcassets */ = {isa = PBXFileReference; lastKnownFileType = folder.assetcatalog; path = Assets.xcassets; sourceTree = "<group>"; };
		9DDC2D7F224EA5B000B29AAC /* Base */ = {isa = PBXFileReference; lastKnownFileType = file.storyboard; name = Base; path = Base.lproj/LaunchScreen.storyboard; sourceTree = "<group>"; };
		9DDC2D81224EA5B100B29AAC /* Info.plist */ = {isa = PBXFileReference; lastKnownFileType = text.plist.xml; path = Info.plist; sourceTree = "<group>"; };
		9DDC2D86224EA5B100B29AAC /* Indian Cricket TeamTests.xctest */ = {isa = PBXFileReference; explicitFileType = wrapper.cfbundle; includeInIndex = 0; path = "Indian Cricket TeamTests.xctest"; sourceTree = BUILT_PRODUCTS_DIR; };
		9DDC2D8A224EA5B400B29AAC /* Indian_Cricket_TeamTests.swift */ = {isa = PBXFileReference; lastKnownFileType = sourcecode.swift; path = Indian_Cricket_TeamTests.swift; sourceTree = "<group>"; };
		9DDC2D8C224EA5B700B29AAC /* Info.plist */ = {isa = PBXFileReference; lastKnownFileType = text.plist.xml; path = Info.plist; sourceTree = "<group>"; };
		9DDC2D91224EA5B700B29AAC /* Indian Cricket TeamUITests.xctest */ = {isa = PBXFileReference; explicitFileType = wrapper.cfbundle; includeInIndex = 0; path = "Indian Cricket TeamUITests.xctest"; sourceTree = BUILT_PRODUCTS_DIR; };
		9DDC2D95224EA5B800B29AAC /* Indian_Cricket_TeamUITests.swift */ = {isa = PBXFileReference; lastKnownFileType = sourcecode.swift; path = Indian_Cricket_TeamUITests.swift; sourceTree = "<group>"; };
		9DDC2D97224EA5B800B29AAC /* Info.plist */ = {isa = PBXFileReference; lastKnownFileType = text.plist.xml; path = Info.plist; sourceTree = "<group>"; };
/* End PBXFileReference section */

/* Begin PBXFrameworksBuildPhase section */
		9DDC2D6C224EA59E00B29AAC /* Frameworks */ = {
			isa = PBXFrameworksBuildPhase;
			buildActionMask = 2147483647;
			files = (
			);
			runOnlyForDeploymentPostprocessing = 0;
		};
		9DDC2D83224EA5B100B29AAC /* Frameworks */ = {
			isa = PBXFrameworksBuildPhase;
			buildActionMask = 2147483647;
			files = (
			);
			runOnlyForDeploymentPostprocessing = 0;
		};
		9DDC2D8E224EA5B700B29AAC /* Frameworks */ = {
			isa = PBXFrameworksBuildPhase;
			buildActionMask = 2147483647;
			files = (
			);
			runOnlyForDeploymentPostprocessing = 0;
		};
/* End PBXFrameworksBuildPhase section */

/* Begin PBXGroup section */
		9DDC2D66224EA59E00B29AAC = {
			isa = PBXGroup;
			children = (
				9DDC2D71224EA59F00B29AAC /* Indian Cricket Team */,
				9DDC2D89224EA5B200B29AAC /* Indian Cricket TeamTests */,
				9DDC2D94224EA5B700B29AAC /* Indian Cricket TeamUITests */,
				9DDC2D70224EA59F00B29AAC /* Products */,
			);
			sourceTree = "<group>";
		};
		9DDC2D70224EA59F00B29AAC /* Products */ = {
			isa = PBXGroup;
			children = (
				9DDC2D6F224EA59F00B29AAC /* Indian Cricket Team.app */,
				9DDC2D86224EA5B100B29AAC /* Indian Cricket TeamTests.xctest */,
				9DDC2D91224EA5B700B29AAC /* Indian Cricket TeamUITests.xctest */,
			);
			name = Products;
			sourceTree = "<group>";
		};
		9DDC2D71224EA59F00B29AAC /* Indian Cricket Team */ = {
			isa = PBXGroup;
			children = (
				9DDC2D72224EA59F00B29AAC /* AppDelegate.swift */,
				9DDC2D74224EA59F00B29AAC /* ViewController.swift */,
				9DDC2D76224EA59F00B29AAC /* Main.storyboard */,
				9DDC2D7C224EA5B000B29AAC /* Assets.xcassets */,
				9DDC2D7E224EA5B000B29AAC /* LaunchScreen.storyboard */,
				9DDC2D81224EA5B100B29AAC /* Info.plist */,
				9DDC2D79224EA59F00B29AAC /* Indian_Cricket_Team.xcdatamodeld */,
			);
			path = "Indian Cricket Team";
			sourceTree = "<group>";
		};
		9DDC2D89224EA5B200B29AAC /* Indian Cricket TeamTests */ = {
			isa = PBXGroup;
			children = (
				9DDC2D8A224EA5B400B29AAC /* Indian_Cricket_TeamTests.swift */,
				9DDC2D8C224EA5B700B29AAC /* Info.plist */,
			);
			path = "Indian Cricket TeamTests";
			sourceTree = "<group>";
		};
		9DDC2D94224EA5B700B29AAC /* Indian Cricket TeamUITests */ = {
			isa = PBXGroup;
			children = (
				9DDC2D95224EA5B800B29AAC /* Indian_Cricket_TeamUITests.swift */,
				9DDC2D97224EA5B800B29AAC /* Info.plist */,
			);
			path = "Indian Cricket TeamUITests";
			sourceTree = "<group>";
		};
/* End PBXGroup section */

/* Begin PBXNativeTarget section */
		9DDC2D6E224EA59E00B29AAC /* Indian Cricket Team */ = {
			isa = PBXNativeTarget;
			buildConfigurationList = 9DDC2D9A224EA5B800B29AAC /* Build configuration list for PBXNativeTarget "Indian Cricket Team" */;
			buildPhases = (
				9DDC2D6B224EA59E00B29AAC /* Sources */,
				9DDC2D6C224EA59E00B29AAC /* Frameworks */,
				9DDC2D6D224EA59E00B29AAC /* Resources */,
			);
			buildRules = (
			);
			dependencies = (
			);
			name = "Indian Cricket Team";
			productName = "Indian Cricket Team";
			productReference = 9DDC2D6F224EA59F00B29AAC /* Indian Cricket Team.app */;
			productType = "com.apple.product-type.application";
		};
		9DDC2D85224EA5B100B29AAC /* Indian Cricket TeamTests */ = {
			isa = PBXNativeTarget;
			buildConfigurationList = 9DDC2D9D224EA5B800B29AAC /* Build configuration list for PBXNativeTarget "Indian Cricket TeamTests" */;
			buildPhases = (
				9DDC2D82224EA5B100B29AAC /* Sources */,
				9DDC2D83224EA5B100B29AAC /* Frameworks */,
				9DDC2D84224EA5B100B29AAC /* Resources */,
			);
			buildRules = (
			);
			dependencies = (
				9DDC2D88224EA5B100B29AAC /* PBXTargetDependency */,
			);
			name = "Indian Cricket TeamTests";
			productName = "Indian Cricket TeamTests";
			productReference = 9DDC2D86224EA5B100B29AAC /* Indian Cricket TeamTests.xctest */;
			productType = "com.apple.product-type.bundle.unit-test";
		};
		9DDC2D90224EA5B700B29AAC /* Indian Cricket TeamUITests */ = {
			isa = PBXNativeTarget;
			buildConfigurationList = 9DDC2DA0224EA5B800B29AAC /* Build configuration list for PBXNativeTarget "Indian Cricket TeamUITests" */;
			buildPhases = (
				9DDC2D8D224EA5B700B29AAC /* Sources */,
				9DDC2D8E224EA5B700B29AAC /* Frameworks */,
				9DDC2D8F224EA5B700B29AAC /* Resources */,
			);
			buildRules = (
			);
			dependencies = (
				9DDC2D93224EA5B700B29AAC /* PBXTargetDependency */,
			);
			name = "Indian Cricket TeamUITests";
			productName = "Indian Cricket TeamUITests";
			productReference = 9DDC2D91224EA5B700B29AAC /* Indian Cricket TeamUITests.xctest */;
			productType = "com.apple.product-type.bundle.ui-testing";
		};
/* End PBXNativeTarget section */

/* Begin PBXProject section */
		9DDC2D67224EA59E00B29AAC /* Project object */ = {
			isa = PBXProject;
			attributes = {
				LastSwiftUpdateCheck = 1010;
				LastUpgradeCheck = 1010;
				ORGANIZATIONNAME = "Chetan Shriram Umale";
				TargetAttributes = {
					9DDC2D6E224EA59E00B29AAC = {
						CreatedOnToolsVersion = 10.1;
					};
					9DDC2D85224EA5B100B29AAC = {
						CreatedOnToolsVersion = 10.1;
						TestTargetID = 9DDC2D6E224EA59E00B29AAC;
					};
					9DDC2D90224EA5B700B29AAC = {
						CreatedOnToolsVersion = 10.1;
						TestTargetID = 9DDC2D6E224EA59E00B29AAC;
					};
				};
			};
			buildConfigurationList = 9DDC2D6A224EA59E00B29AAC /* Build configuration list for PBXProject "Indian Cricket Team" */;
			compatibilityVersion = "Xcode 9.3";
			developmentRegion = en;
			hasScannedForEncodings = 0;
			knownRegions = (
				en,
				Base,
			);
			mainGroup = 9DDC2D66224EA59E00B29AAC;
			productRefGroup = 9DDC2D70224EA59F00B29AAC /* Products */;
			projectDirPath = "";
			projectRoot = "";
			targets = (
				9DDC2D6E224EA59E00B29AAC /* Indian Cricket Team */,
				9DDC2D85224EA5B100B29AAC /* Indian Cricket TeamTests */,
				9DDC2D90224EA5B700B29AAC /* Indian Cricket TeamUITests */,
			);
		};
/* End PBXProject section */

/* Begin PBXResourcesBuildPhase section */
		9DDC2D6D224EA59E00B29AAC /* Resources */ = {
			isa = PBXResourcesBuildPhase;
			buildActionMask = 2147483647;
			files = (
				9DDC2D80224EA5B000B29AAC /* LaunchScreen.storyboard in Resources */,
				9DDC2D7D224EA5B000B29AAC /* Assets.xcassets in Resources */,
				9DDC2D78224EA59F00B29AAC /* Main.storyboard in Resources */,
			);
			runOnlyForDeploymentPostprocessing = 0;
		};
		9DDC2D84224EA5B100B29AAC /* Resources */ = {
			isa = PBXResourcesBuildPhase;
			buildActionMask = 2147483647;
			files = (
			);
			runOnlyForDeploymentPostprocessing = 0;
		};
		9DDC2D8F224EA5B700B29AAC /* Resources */ = {
			isa = PBXResourcesBuildPhase;
			buildActionMask = 2147483647;
			files = (
			);
			runOnlyForDeploymentPostprocessing = 0;
		};
/* End PBXResourcesBuildPhase section */

/* Begin PBXSourcesBuildPhase section */
		9DDC2D6B224EA59E00B29AAC /* Sources */ = {
			isa = PBXSourcesBuildPhase;
			buildActionMask = 2147483647;
			files = (
				9DDC2D75224EA59F00B29AAC /* ViewController.swift in Sources */,
				9DDC2D73224EA59F00B29AAC /* AppDelegate.swift in Sources */,
				9DDC2D7B224EA59F00B29AAC /* Indian_Cricket_Team.xcdatamodeld in Sources */,
			);
			runOnlyForDeploymentPostprocessing = 0;
		};
		9DDC2D82224EA5B100B29AAC /* Sources */ = {
			isa = PBXSourcesBuildPhase;
			buildActionMask = 2147483647;
			files = (
				9DDC2D8B224EA5B400B29AAC /* Indian_Cricket_TeamTests.swift in Sources */,
			);
			runOnlyForDeploymentPostprocessing = 0;
		};
		9DDC2D8D224EA5B700B29AAC /* Sources */ = {
			isa = PBXSourcesBuildPhase;
			buildActionMask = 2147483647;
			files = (
				9DDC2D96224EA5B800B29AAC /* Indian_Cricket_TeamUITests.swift in Sources */,
			);
			runOnlyForDeploymentPostprocessing = 0;
		};
/* End PBXSourcesBuildPhase section */

/* Begin PBXTargetDependency section */
		9DDC2D88224EA5B100B29AAC /* PBXTargetDependency */ = {
			isa = PBXTargetDependency;
			target = 9DDC2D6E224EA59E00B29AAC /* Indian Cricket Team */;
			targetProxy = 9DDC2D87224EA5B100B29AAC /* PBXContainerItemProxy */;
		};
		9DDC2D93224EA5B700B29AAC /* PBXTargetDependency */ = {
			isa = PBXTargetDependency;
			target = 9DDC2D6E224EA59E00B29AAC /* Indian Cricket Team */;
			targetProxy = 9DDC2D92224EA5B700B29AAC /* PBXContainerItemProxy */;
		};
/* End PBXTargetDependency section */

/* Begin PBXVariantGroup section */
		9DDC2D76224EA59F00B29AAC /* Main.storyboard */ = {
			isa = PBXVariantGroup;
			children = (
				9DDC2D77224EA59F00B29AAC /* Base */,
			);
			name = Main.storyboard;
			sourceTree = "<group>";
		};
		9DDC2D7E224EA5B000B29AAC /* LaunchScreen.storyboard */ = {
			isa = PBXVariantGroup;
			children = (
				9DDC2D7F224EA5B000B29AAC /* Base */,
			);
			name = LaunchScreen.storyboard;
			sourceTree = "<group>";
		};
/* End PBXVariantGroup section */

/* Begin XCBuildConfiguration section */
		9DDC2D98224EA5B800B29AAC /* Debug */ = {
			isa = XCBuildConfiguration;
			buildSettings = {
				ALWAYS_SEARCH_USER_PATHS = NO;
				CLANG_ANALYZER_NONNULL = YES;
				CLANG_ANALYZER_NUMBER_OBJECT_CONVERSION = YES_AGGRESSIVE;
				CLANG_CXX_LANGUAGE_STANDARD = "gnu++14";
				CLANG_CXX_LIBRARY = "libc++";
				CLANG_ENABLE_MODULES = YES;
				CLANG_ENABLE_OBJC_ARC = YES;
				CLANG_ENABLE_OBJC_WEAK = YES;
				CLANG_WARN_BLOCK_CAPTURE_AUTORELEASING = YES;
				CLANG_WARN_BOOL_CONVERSION = YES;
				CLANG_WARN_COMMA = YES;
				CLANG_WARN_CONSTANT_CONVERSION = YES;
				CLANG_WARN_DEPRECATED_OBJC_IMPLEMENTATIONS = YES;
				CLANG_WARN_DIRECT_OBJC_ISA_USAGE = YES_ERROR;
				CLANG_WARN_DOCUMENTATION_COMMENTS = YES;
				CLANG_WARN_EMPTY_BODY = YES;
				CLANG_WARN_ENUM_CONVERSION = YES;
				CLANG_WARN_INFINITE_RECURSION = YES;
				CLANG_WARN_INT_CONVERSION = YES;
				CLANG_WARN_NON_LITERAL_NULL_CONVERSION = YES;
				CLANG_WARN_OBJC_IMPLICIT_RETAIN_SELF = YES;
				CLANG_WARN_OBJC_LITERAL_CONVERSION = YES;
				CLANG_WARN_OBJC_ROOT_CLASS = YES_ERROR;
				CLANG_WARN_RANGE_LOOP_ANALYSIS = YES;
				CLANG_WARN_STRICT_PROTOTYPES = YES;
				CLANG_WARN_SUSPICIOUS_MOVE = YES;
				CLANG_WARN_UNGUARDED_AVAILABILITY = YES_AGGRESSIVE;
				CLANG_WARN_UNREACHABLE_CODE = YES;
				CLANG_WARN__DUPLICATE_METHOD_MATCH = YES;
				CODE_SIGN_IDENTITY = "iPhone Developer";
				COPY_PHASE_STRIP = NO;
				DEBUG_INFORMATION_FORMAT = dwarf;
				ENABLE_STRICT_OBJC_MSGSEND = YES;
				ENABLE_TESTABILITY = YES;
				GCC_C_LANGUAGE_STANDARD = gnu11;
				GCC_DYNAMIC_NO_PIC = NO;
				GCC_NO_COMMON_BLOCKS = YES;
				GCC_OPTIMIZATION_LEVEL = 0;
				GCC_PREPROCESSOR_DEFINITIONS = (
					"DEBUG=1",
					"$(inherited)",
				);
				GCC_WARN_64_TO_32_BIT_CONVERSION = YES;
				GCC_WARN_ABOUT_RETURN_TYPE = YES_ERROR;
				GCC_WARN_UNDECLARED_SELECTOR = YES;
				GCC_WARN_UNINITIALIZED_AUTOS = YES_AGGRESSIVE;
				GCC_WARN_UNUSED_FUNCTION = YES;
				GCC_WARN_UNUSED_VARIABLE = YES;
				IPHONEOS_DEPLOYMENT_TARGET = 12.1;
				MTL_ENABLE_DEBUG_INFO = INCLUDE_SOURCE;
				MTL_FAST_MATH = YES;
				ONLY_ACTIVE_ARCH = YES;
				SDKROOT = iphoneos;
				SWIFT_ACTIVE_COMPILATION_CONDITIONS = DEBUG;
				SWIFT_OPTIMIZATION_LEVEL = "-Onone";
			};
			name = Debug;
		};
		9DDC2D99224EA5B800B29AAC /* Release */ = {
			isa = XCBuildConfiguration;
			buildSettings = {
				ALWAYS_SEARCH_USER_PATHS = NO;
				CLANG_ANALYZER_NONNULL = YES;
				CLANG_ANALYZER_NUMBER_OBJECT_CONVERSION = YES_AGGRESSIVE;
				CLANG_CXX_LANGUAGE_STANDARD = "gnu++14";
				CLANG_CXX_LIBRARY = "libc++";
				CLANG_ENABLE_MODULES = YES;
				CLANG_ENABLE_OBJC_ARC = YES;
				CLANG_ENABLE_OBJC_WEAK = YES;
				CLANG_WARN_BLOCK_CAPTURE_AUTORELEASING = YES;
				CLANG_WARN_BOOL_CONVERSION = YES;
				CLANG_WARN_COMMA = YES;
				CLANG_WARN_CONSTANT_CONVERSION = YES;
				CLANG_WARN_DEPRECATED_OBJC_IMPLEMENTATIONS = YES;
				CLANG_WARN_DIRECT_OBJC_ISA_USAGE = YES_ERROR;
				CLANG_WARN_DOCUMENTATION_COMMENTS = YES;
				CLANG_WARN_EMPTY_BODY = YES;
				CLANG_WARN_ENUM_CONVERSION = YES;
				CLANG_WARN_INFINITE_RECURSION = YES;
				CLANG_WARN_INT_CONVERSION = YES;
				CLANG_WARN_NON_LITERAL_NULL_CONVERSION = YES;
				CLANG_WARN_OBJC_IMPLICIT_RETAIN_SELF = YES;
				CLANG_WARN_OBJC_LITERAL_CONVERSION = YES;
				CLANG_WARN_OBJC_ROOT_CLASS = YES_ERROR;
				CLANG_WARN_RANGE_LOOP_ANALYSIS = YES;
				CLANG_WARN_STRICT_PROTOTYPES = YES;
				CLANG_WARN_SUSPICIOUS_MOVE = YES;
				CLANG_WARN_UNGUARDED_AVAILABILITY = YES_AGGRESSIVE;
				CLANG_WARN_UNREACHABLE_CODE = YES;
				CLANG_WARN__DUPLICATE_METHOD_MATCH = YES;
				CODE_SIGN_IDENTITY = "iPhone Developer";
				COPY_PHASE_STRIP = NO;
				DEBUG_INFORMATION_FORMAT = "dwarf-with-dsym";
				ENABLE_NS_ASSERTIONS = NO;
				ENABLE_STRICT_OBJC_MSGSEND = YES;
				GCC_C_LANGUAGE_STANDARD = gnu11;
				GCC_NO_COMMON_BLOCKS = YES;
				GCC_WARN_64_TO_32_BIT_CONVERSION = YES;
				GCC_WARN_ABOUT_RETURN_TYPE = YES_ERROR;
				GCC_WARN_UNDECLARED_SELECTOR = YES;
				GCC_WARN_UNINITIALIZED_AUTOS = YES_AGGRESSIVE;
				GCC_WARN_UNUSED_FUNCTION = YES;
				GCC_WARN_UNUSED_VARIABLE = YES;
				IPHONEOS_DEPLOYMENT_TARGET = 12.1;
				MTL_ENABLE_DEBUG_INFO = NO;
				MTL_FAST_MATH = YES;
				SDKROOT = iphoneos;
				SWIFT_COMPILATION_MODE = wholemodule;
				SWIFT_OPTIMIZATION_LEVEL = "-O";
				VALIDATE_PRODUCT = YES;
			};
			name = Release;
		};
		9DDC2D9B224EA5B800B29AAC /* Debug */ = {
			isa = XCBuildConfiguration;
			buildSettings = {
				ASSETCATALOG_COMPILER_APPICON_NAME = AppIcon;
				CODE_SIGN_STYLE = Automatic;
				INFOPLIST_FILE = "Indian Cricket Team/Info.plist";
				LD_RUNPATH_SEARCH_PATHS = (
					"$(inherited)",
					"@executable_path/Frameworks",
				);
				PRODUCT_BUNDLE_IDENTIFIER = "ucc.Indian-Cricket-Team";
				PRODUCT_NAME = "$(TARGET_NAME)";
				SWIFT_VERSION = 4.2;
				TARGETED_DEVICE_FAMILY = "1,2";
			};
			name = Debug;
		};
		9DDC2D9C224EA5B800B29AAC /* Release */ = {
			isa = XCBuildConfiguration;
			buildSettings = {
				ASSETCATALOG_COMPILER_APPICON_NAME = AppIcon;
				CODE_SIGN_STYLE = Automatic;
				INFOPLIST_FILE = "Indian Cricket Team/Info.plist";
				LD_RUNPATH_SEARCH_PATHS = (
					"$(inherited)",
					"@executable_path/Frameworks",
				);
				PRODUCT_BUNDLE_IDENTIFIER = "ucc.Indian-Cricket-Team";
				PRODUCT_NAME = "$(TARGET_NAME)";
				SWIFT_VERSION = 4.2;
				TARGETED_DEVICE_FAMILY = "1,2";
			};
			name = Release;
		};
		9DDC2D9E224EA5B800B29AAC /* Debug */ = {
			isa = XCBuildConfiguration;
			buildSettings = {
				ALWAYS_EMBED_SWIFT_STANDARD_LIBRARIES = YES;
				BUNDLE_LOADER = "$(TEST_HOST)";
				CODE_SIGN_STYLE = Automatic;
				INFOPLIST_FILE = "Indian Cricket TeamTests/Info.plist";
				LD_RUNPATH_SEARCH_PATHS = (
					"$(inherited)",
					"@executable_path/Frameworks",
					"@loader_path/Frameworks",
				);
				PRODUCT_BUNDLE_IDENTIFIER = "ucc.Indian-Cricket-TeamTests";
				PRODUCT_NAME = "$(TARGET_NAME)";
				SWIFT_VERSION = 4.2;
				TARGETED_DEVICE_FAMILY = "1,2";
				TEST_HOST = "$(BUILT_PRODUCTS_DIR)/Indian Cricket Team.app/Indian Cricket Team";
			};
			name = Debug;
		};
		9DDC2D9F224EA5B800B29AAC /* Release */ = {
			isa = XCBuildConfiguration;
			buildSettings = {
				ALWAYS_EMBED_SWIFT_STANDARD_LIBRARIES = YES;
				BUNDLE_LOADER = "$(TEST_HOST)";
				CODE_SIGN_STYLE = Automatic;
				INFOPLIST_FILE = "Indian Cricket TeamTests/Info.plist";
				LD_RUNPATH_SEARCH_PATHS = (
					"$(inherited)",
					"@executable_path/Frameworks",
					"@loader_path/Frameworks",
				);
				PRODUCT_BUNDLE_IDENTIFIER = "ucc.Indian-Cricket-TeamTests";
				PRODUCT_NAME = "$(TARGET_NAME)";
				SWIFT_VERSION = 4.2;
				TARGETED_DEVICE_FAMILY = "1,2";
				TEST_HOST = "$(BUILT_PRODUCTS_DIR)/Indian Cricket Team.app/Indian Cricket Team";
			};
			name = Release;
		};
		9DDC2DA1224EA5B800B29AAC /* Debug */ = {
			isa = XCBuildConfiguration;
			buildSettings = {
				ALWAYS_EMBED_SWIFT_STANDARD_LIBRARIES = YES;
				CODE_SIGN_STYLE = Automatic;
				INFOPLIST_FILE = "Indian Cricket TeamUITests/Info.plist";
				LD_RUNPATH_SEARCH_PATHS = (
					"$(inherited)",
					"@executable_path/Frameworks",
					"@loader_path/Frameworks",
				);
				PRODUCT_BUNDLE_IDENTIFIER = "ucc.Indian-Cricket-TeamUITests";
				PRODUCT_NAME = "$(TARGET_NAME)";
				SWIFT_VERSION = 4.2;
				TARGETED_DEVICE_FAMILY = "1,2";
				TEST_TARGET_NAME = "Indian Cricket Team";
			};
			name = Debug;
		};
		9DDC2DA2224EA5B800B29AAC /* Release */ = {
			isa = XCBuildConfiguration;
			buildSettings = {
				ALWAYS_EMBED_SWIFT_STANDARD_LIBRARIES = YES;
				CODE_SIGN_STYLE = Automatic;
				INFOPLIST_FILE = "Indian Cricket TeamUITests/Info.plist";
				LD_RUNPATH_SEARCH_PATHS = (
					"$(inherited)",
					"@executable_path/Frameworks",
					"@loader_path/Frameworks",
				);
				PRODUCT_BUNDLE_IDENTIFIER = "ucc.Indian-Cricket-TeamUITests";
				PRODUCT_NAME = "$(TARGET_NAME)";
				SWIFT_VERSION = 4.2;
				TARGETED_DEVICE_FAMILY = "1,2";
				TEST_TARGET_NAME = "Indian Cricket Team";
			};
			name = Release;
		};
/* End XCBuildConfiguration section */

/* Begin XCConfigurationList section */
		9DDC2D6A224EA59E00B29AAC /* Build configuration list for PBXProject "Indian Cricket Team" */ = {
			isa = XCConfigurationList;
			buildConfigurations = (
				9DDC2D98224EA5B800B29AAC /* Debug */,
				9DDC2D99224EA5B800B29AAC /* Release */,
			);
			defaultConfigurationIsVisible = 0;
			defaultConfigurationName = Release;
		};
		9DDC2D9A224EA5B800B29AAC /* Build configuration list for PBXNativeTarget "Indian Cricket Team" */ = {
			isa = XCConfigurationList;
			buildConfigurations = (
				9DDC2D9B224EA5B800B29AAC /* Debug */,
				9DDC2D9C224EA5B800B29AAC /* Release */,
			);
			defaultConfigurationIsVisible = 0;
			defaultConfigurationName = Release;
		};
		9DDC2D9D224EA5B800B29AAC /* Build configuration list for PBXNativeTarget "Indian Cricket TeamTests" */ = {
			isa = XCConfigurationList;
			buildConfigurations = (
				9DDC2D9E224EA5B800B29AAC /* Debug */,
				9DDC2D9F224EA5B800B29AAC /* Release */,
			);
			defaultConfigurationIsVisible = 0;
			defaultConfigurationName = Release;
		};
		9DDC2DA0224EA5B800B29AAC /* Build configuration list for PBXNativeTarget "Indian Cricket TeamUITests" */ = {
			isa = XCConfigurationList;
			buildConfigurations = (
				9DDC2DA1224EA5B800B29AAC /* Debug */,
				9DDC2DA2224EA5B800B29AAC /* Release */,
			);
			defaultConfigurationIsVisible = 0;
			defaultConfigurationName = Release;
		};
/* End XCConfigurationList section */

/* Begin XCVersionGroup section */
		9DDC2D79224EA59F00B29AAC /* Indian_Cricket_Team.xcdatamodeld */ = {
			isa = XCVersionGroup;
			children = (
				9DDC2D7A224EA59F00B29AAC /* Indian_Cricket_Team.xcdatamodel */,
			);
			currentVersion = 9DDC2D7A224EA59F00B29AAC /* Indian_Cricket_Team.xcdatamodel */;
			path = Indian_Cricket_Team.xcdatamodeld;
			sourceTree = "<group>";
			versionGroupType = wrapper.xcdatamodel;
		};
/* End XCVersionGroup section */
	};
	rootObject = 9DDC2D67224EA59E00B29AAC /* Project object */;
}
